
Microsoft Visual Studio Solution File, Format Version 12.00
# Visual Studio Version 17
VisualStudioVersion = 17.0.32126.317
MinimumVisualStudioVersion = 10.0.40219.1
Project("{FAE04EC0-301F-11D3-BF4B-00C04F79EFBC}") = "NhanVien1", "NhanVien1\NhanVien1.csproj", "{C9D6413C-5757-42DF-AEEB-7EAE7F0C2866}"
EndProject
Global
	GlobalSection(SolutionConfigurationPlatforms) = preSolution
		Debug|Any CPU = Debug|Any CPU
		Release|Any CPU = Release|Any CPU
	EndGlobalSection
	GlobalSection(ProjectConfigurationPlatforms) = postSolution
		{C9D6413C-5757-42DF-AEEB-7EAE7F0C2866}.Debug|Any CPU.ActiveCfg = Debug|Any CPU
		{C9D6413C-5757-42DF-AEEB-7EAE7F0C2866}.Debug|Any CPU.Build.0 = Debug|Any CPU
		{C9D6413C-5757-42DF-AEEB-7EAE7F0C2866}.Release|Any CPU.ActiveCfg = Release|Any CPU
		{C9D6413C-5757-42DF-AEEB-7EAE7F0C2866}.Release|Any CPU.Build.0 = Release|Any CPU
	EndGlobalSection
	GlobalSection(SolutionProperties) = preSolution
		HideSolutionNode = FALSE
	EndGlobalSection
	GlobalSection(ExtensibilityGlobals) = postSolution
		SolutionGuid = {8602C9F4-456F-4998-A2BD-2F3018892312}
	EndGlobalSection
EndGlobal
